// !$*UTF8*$!
{
	archiveVersion = 1;
	classes = {
	};
	objectVersion = 50;
	objects = {

/* Begin PBXBuildFile section */
		9D4B025421A4931F009BF1CF /* DSLRv0.png in Resources */ = {isa = PBXBuildFile; fileRef = 9D4B025321A4931E009BF1CF /* DSLRv0.png */; };
		9D4B025621A49D2E009BF1CF /* Point and shootv0.png in Resources */ = {isa = PBXBuildFile; fileRef = 9D4B025521A49D2D009BF1CF /* Point and shootv0.png */; };
		9D51AD67219A382E008F4B6E /* SettingsViewController.swift in Sources */ = {isa = PBXBuildFile; fileRef = 9D51AD66219A382E008F4B6E /* SettingsViewController.swift */; };
		E93EDA4D218B714600A1FE4D /* CameraData.swift in Sources */ = {isa = PBXBuildFile; fileRef = E93EDA4C218B714600A1FE4D /* CameraData.swift */; };
		E93EDA51218B723000A1FE4D /* Pictures.swift in Sources */ = {isa = PBXBuildFile; fileRef = E93EDA50218B723000A1FE4D /* Pictures.swift */; };
		E9430FE2219CEC7600D40221 /* DSLRViewController.swift in Sources */ = {isa = PBXBuildFile; fileRef = E9430FE1219CEC7600D40221 /* DSLRViewController.swift */; };
		E9430FE4219CEC8600D40221 /* OldSchoolViewController.swift in Sources */ = {isa = PBXBuildFile; fileRef = E9430FE3219CEC8600D40221 /* OldSchoolViewController.swift */; };
		E9430FE6219DF8E500D40221 /* UICamera.swift in Sources */ = {isa = PBXBuildFile; fileRef = E9430FE5219DF8E500D40221 /* UICamera.swift */; };
		E9430FE821A0A0C300D40221 /* UserData.swift in Sources */ = {isa = PBXBuildFile; fileRef = E9430FE721A0A0C300D40221 /* UserData.swift */; };
		E9430FEA21A0A0E300D40221 /* UIViewExtension.swift in Sources */ = {isa = PBXBuildFile; fileRef = E9430FE921A0A0E300D40221 /* UIViewExtension.swift */; };
		E9430FEC21A0A99C00D40221 /* PhotoCollectionViewDelegate.swift in Sources */ = {isa = PBXBuildFile; fileRef = E9430FEB21A0A99C00D40221 /* PhotoCollectionViewDelegate.swift */; };
		E960389B219A0EE800B64139 /* CameraFilterLayer.swift in Sources */ = {isa = PBXBuildFile; fileRef = E960389A219A0EE800B64139 /* CameraFilterLayer.swift */; };
		E960389E219B840600B64139 /* PhotoViewControllerBase.swift in Sources */ = {isa = PBXBuildFile; fileRef = E960389D219B840600B64139 /* PhotoViewControllerBase.swift */; };
		E96A10E62193AEFD00DCB3BD /* PhotoViewController.swift in Sources */ = {isa = PBXBuildFile; fileRef = E96A10E52193AEFD00DCB3BD /* PhotoViewController.swift */; };
		E9995DBF219507F200109FDF /* CameraSettings.swift in Sources */ = {isa = PBXBuildFile; fileRef = E9995DBE219507F200109FDF /* CameraSettings.swift */; };
		E9995DC12196400100109FDF /* PhotoOutputDelegate.swift in Sources */ = {isa = PBXBuildFile; fileRef = E9995DC02196400100109FDF /* PhotoOutputDelegate.swift */; };
		E9BD32212190F07800CE8319 /* ImageManipulation.swift in Sources */ = {isa = PBXBuildFile; fileRef = E9BD32202190F07800CE8319 /* ImageManipulation.swift */; };
		E9BD32232190F77C00CE8319 /* Image.swift in Sources */ = {isa = PBXBuildFile; fileRef = E9BD32222190F77C00CE8319 /* Image.swift */; };
		E9FA88D3218A24B7007D5AD5 /* AppDelegate.swift in Sources */ = {isa = PBXBuildFile; fileRef = E9FA88D2218A24B7007D5AD5 /* AppDelegate.swift */; };
		E9FA88D5218A24B7007D5AD5 /* PointAndShootViewController.swift in Sources */ = {isa = PBXBuildFile; fileRef = E9FA88D4218A24B7007D5AD5 /* PointAndShootViewController.swift */; };
		E9FA88D8218A24B7007D5AD5 /* Main.storyboard in Resources */ = {isa = PBXBuildFile; fileRef = E9FA88D6218A24B7007D5AD5 /* Main.storyboard */; };
		E9FA88DA218A24BA007D5AD5 /* Assets.xcassets in Resources */ = {isa = PBXBuildFile; fileRef = E9FA88D9218A24BA007D5AD5 /* Assets.xcassets */; };
		E9FA88DD218A24BA007D5AD5 /* LaunchScreen.storyboard in Resources */ = {isa = PBXBuildFile; fileRef = E9FA88DB218A24BA007D5AD5 /* LaunchScreen.storyboard */; };
/* End PBXBuildFile section */

/* Begin PBXFileReference section */
		9D4B025321A4931E009BF1CF /* DSLRv0.png */ = {isa = PBXFileReference; lastKnownFileType = image.png; path = DSLRv0.png; sourceTree = "<group>"; };
		9D4B025521A49D2D009BF1CF /* Point and shootv0.png */ = {isa = PBXFileReference; lastKnownFileType = image.png; path = "Point and shootv0.png"; sourceTree = "<group>"; };
		9D51AD66219A382E008F4B6E /* SettingsViewController.swift */ = {isa = PBXFileReference; lastKnownFileType = sourcecode.swift; path = SettingsViewController.swift; sourceTree = "<group>"; };
		E93EDA4C218B714600A1FE4D /* CameraData.swift */ = {isa = PBXFileReference; lastKnownFileType = sourcecode.swift; path = CameraData.swift; sourceTree = "<group>"; };
		E93EDA50218B723000A1FE4D /* Pictures.swift */ = {isa = PBXFileReference; lastKnownFileType = sourcecode.swift; path = Pictures.swift; sourceTree = "<group>"; };
		E9430FE1219CEC7600D40221 /* DSLRViewController.swift */ = {isa = PBXFileReference; lastKnownFileType = sourcecode.swift; path = DSLRViewController.swift; sourceTree = "<group>"; };
		E9430FE3219CEC8600D40221 /* OldSchoolViewController.swift */ = {isa = PBXFileReference; lastKnownFileType = sourcecode.swift; path = OldSchoolViewController.swift; sourceTree = "<group>"; };
		E9430FE5219DF8E500D40221 /* UICamera.swift */ = {isa = PBXFileReference; lastKnownFileType = sourcecode.swift; path = UICamera.swift; sourceTree = "<group>"; };
		E9430FE721A0A0C300D40221 /* UserData.swift */ = {isa = PBXFileReference; lastKnownFileType = sourcecode.swift; path = UserData.swift; sourceTree = "<group>"; };
		E9430FE921A0A0E300D40221 /* UIViewExtension.swift */ = {isa = PBXFileReference; lastKnownFileType = sourcecode.swift; path = UIViewExtension.swift; sourceTree = "<group>"; };
		E9430FEB21A0A99C00D40221 /* PhotoCollectionViewDelegate.swift */ = {isa = PBXFileReference; lastKnownFileType = sourcecode.swift; path = PhotoCollectionViewDelegate.swift; sourceTree = "<group>"; };
		E960389A219A0EE800B64139 /* CameraFilterLayer.swift */ = {isa = PBXFileReference; lastKnownFileType = sourcecode.swift; path = CameraFilterLayer.swift; sourceTree = "<group>"; };
		E960389D219B840600B64139 /* PhotoViewControllerBase.swift */ = {isa = PBXFileReference; lastKnownFileType = sourcecode.swift; path = PhotoViewControllerBase.swift; sourceTree = "<group>"; };
		E96A10E52193AEFD00DCB3BD /* PhotoViewController.swift */ = {isa = PBXFileReference; lastKnownFileType = sourcecode.swift; path = PhotoViewController.swift; sourceTree = "<group>"; };
		E9995DBE219507F200109FDF /* CameraSettings.swift */ = {isa = PBXFileReference; lastKnownFileType = sourcecode.swift; path = CameraSettings.swift; sourceTree = "<group>"; };
		E9995DC02196400100109FDF /* PhotoOutputDelegate.swift */ = {isa = PBXFileReference; lastKnownFileType = sourcecode.swift; path = PhotoOutputDelegate.swift; sourceTree = "<group>"; };
		E9BD32202190F07800CE8319 /* ImageManipulation.swift */ = {isa = PBXFileReference; lastKnownFileType = sourcecode.swift; path = ImageManipulation.swift; sourceTree = "<group>"; };
		E9BD32222190F77C00CE8319 /* Image.swift */ = {isa = PBXFileReference; lastKnownFileType = sourcecode.swift; path = Image.swift; sourceTree = "<group>"; };
		E9FA88CF218A24B7007D5AD5 /* Camera.app */ = {isa = PBXFileReference; explicitFileType = wrapper.application; includeInIndex = 0; path = Camera.app; sourceTree = BUILT_PRODUCTS_DIR; };
		E9FA88D2218A24B7007D5AD5 /* AppDelegate.swift */ = {isa = PBXFileReference; lastKnownFileType = sourcecode.swift; path = AppDelegate.swift; sourceTree = "<group>"; };
		E9FA88D4218A24B7007D5AD5 /* PointAndShootViewController.swift */ = {isa = PBXFileReference; lastKnownFileType = sourcecode.swift; path = PointAndShootViewController.swift; sourceTree = "<group>"; };
		E9FA88D7218A24B7007D5AD5 /* Base */ = {isa = PBXFileReference; lastKnownFileType = file.storyboard; name = Base; path = Base.lproj/Main.storyboard; sourceTree = "<group>"; };
		E9FA88D9218A24BA007D5AD5 /* Assets.xcassets */ = {isa = PBXFileReference; lastKnownFileType = folder.assetcatalog; path = Assets.xcassets; sourceTree = "<group>"; };
		E9FA88DC218A24BA007D5AD5 /* Base */ = {isa = PBXFileReference; lastKnownFileType = file.storyboard; name = Base; path = Base.lproj/LaunchScreen.storyboard; sourceTree = "<group>"; };
		E9FA88DE218A24BA007D5AD5 /* Info.plist */ = {isa = PBXFileReference; lastKnownFileType = text.plist.xml; path = Info.plist; sourceTree = "<group>"; };
/* End PBXFileReference section */

/* Begin PBXFrameworksBuildPhase section */
		E9FA88CC218A24B7007D5AD5 /* Frameworks */ = {
			isa = PBXFrameworksBuildPhase;
			buildActionMask = 2147483647;
			files = (
			);
			runOnlyForDeploymentPostprocessing = 0;
		};
/* End PBXFrameworksBuildPhase section */

/* Begin PBXGroup section */
		E93EDA4B218B712100A1FE4D /* Model */ = {
			isa = PBXGroup;
			children = (
				E9430FE921A0A0E300D40221 /* UIViewExtension.swift */,
				E9430FE5219DF8E500D40221 /* UICamera.swift */,
				E9430FE0219CEC3900D40221 /* Data */,
				E9430FDF219CEC2700D40221 /* Delegates */,
				E9BD32202190F07800CE8319 /* ImageManipulation.swift */,
				E960389A219A0EE800B64139 /* CameraFilterLayer.swift */,
				E9430FE721A0A0C300D40221 /* UserData.swift */,
			);
			path = Model;
			sourceTree = "<group>";
		};
		E9430FDE219CEBCB00D40221 /* ViewControllers */ = {
			isa = PBXGroup;
			children = (
				E9FA88D4218A24B7007D5AD5 /* PointAndShootViewController.swift */,
				E96A10E52193AEFD00DCB3BD /* PhotoViewController.swift */,
				E9430FE1219CEC7600D40221 /* DSLRViewController.swift */,
				E9430FE3219CEC8600D40221 /* OldSchoolViewController.swift */,
				9D51AD66219A382E008F4B6E /* SettingsViewController.swift */,
			);
			path = ViewControllers;
			sourceTree = "<group>";
		};
		E9430FDF219CEC2700D40221 /* Delegates */ = {
			isa = PBXGroup;
			children = (
				E9995DC02196400100109FDF /* PhotoOutputDelegate.swift */,
				E9430FEB21A0A99C00D40221 /* PhotoCollectionViewDelegate.swift */,
			);
			path = Delegates;
			sourceTree = "<group>";
		};
		E9430FE0219CEC3900D40221 /* Data */ = {
			isa = PBXGroup;
			children = (
				E9995DBE219507F200109FDF /* CameraSettings.swift */,
				E93EDA50218B723000A1FE4D /* Pictures.swift */,
				E9BD32222190F77C00CE8319 /* Image.swift */,
				E93EDA4C218B714600A1FE4D /* CameraData.swift */,
			);
			path = Data;
			sourceTree = "<group>";
		};
		E960389C219B59F300B64139 /* Images */ = {
			isa = PBXGroup;
			children = (
				9D4B025521A49D2D009BF1CF /* Point and shootv0.png */,
				9D4B025321A4931E009BF1CF /* DSLRv0.png */,
			);
			path = Images;
			sourceTree = "<group>";
		};
		E9FA88C6218A24B7007D5AD5 = {
			isa = PBXGroup;
			children = (
				E960389C219B59F300B64139 /* Images */,
				E93EDA4B218B712100A1FE4D /* Model */,
				E9FA88D1218A24B7007D5AD5 /* Camera */,
				E9FA88D0218A24B7007D5AD5 /* Products */,
			);
			sourceTree = "<group>";
		};
		E9FA88D0218A24B7007D5AD5 /* Products */ = {
			isa = PBXGroup;
			children = (
				E9FA88CF218A24B7007D5AD5 /* Camera.app */,
			);
			name = Products;
			sourceTree = "<group>";
		};
		E9FA88D1218A24B7007D5AD5 /* Camera */ = {
			isa = PBXGroup;
			children = (
				E960389D219B840600B64139 /* PhotoViewControllerBase.swift */,
				E9430FDE219CEBCB00D40221 /* ViewControllers */,
				E9FA88D2218A24B7007D5AD5 /* AppDelegate.swift */,
				E9FA88D6218A24B7007D5AD5 /* Main.storyboard */,
				E9FA88D9218A24BA007D5AD5 /* Assets.xcassets */,
				E9FA88DB218A24BA007D5AD5 /* LaunchScreen.storyboard */,
				E9FA88DE218A24BA007D5AD5 /* Info.plist */,
			);
			path = Camera;
			sourceTree = "<group>";
		};
/* End PBXGroup section */

/* Begin PBXNativeTarget section */
		E9FA88CE218A24B7007D5AD5 /* Camera */ = {
			isa = PBXNativeTarget;
			buildConfigurationList = E9FA88E1218A24BA007D5AD5 /* Build configuration list for PBXNativeTarget "Camera" */;
			buildPhases = (
				E9FA88CB218A24B7007D5AD5 /* Sources */,
				E9FA88CC218A24B7007D5AD5 /* Frameworks */,
				E9FA88CD218A24B7007D5AD5 /* Resources */,
			);
			buildRules = (
			);
			dependencies = (
			);
			name = Camera;
			productName = Camera;
			productReference = E9FA88CF218A24B7007D5AD5 /* Camera.app */;
			productType = "com.apple.product-type.application";
		};
/* End PBXNativeTarget section */

/* Begin PBXProject section */
		E9FA88C7218A24B7007D5AD5 /* Project object */ = {
			isa = PBXProject;
			attributes = {
				LastSwiftUpdateCheck = 1010;
				LastUpgradeCheck = 1010;
				ORGANIZATIONNAME = SOU;
				TargetAttributes = {
					E9FA88CE218A24B7007D5AD5 = {
						CreatedOnToolsVersion = 10.1;
					};
				};
			};
			buildConfigurationList = E9FA88CA218A24B7007D5AD5 /* Build configuration list for PBXProject "Camera" */;
			compatibilityVersion = "Xcode 9.3";
			developmentRegion = en;
			hasScannedForEncodings = 0;
			knownRegions = (
				en,
				Base,
			);
			mainGroup = E9FA88C6218A24B7007D5AD5;
			productRefGroup = E9FA88D0218A24B7007D5AD5 /* Products */;
			projectDirPath = "";
			projectRoot = "";
			targets = (
				E9FA88CE218A24B7007D5AD5 /* Camera */,
			);
		};
/* End PBXProject section */

/* Begin PBXResourcesBuildPhase section */
		E9FA88CD218A24B7007D5AD5 /* Resources */ = {
			isa = PBXResourcesBuildPhase;
			buildActionMask = 2147483647;
			files = (
				9D4B025621A49D2E009BF1CF /* Point and shootv0.png in Resources */,
				9D4B025421A4931F009BF1CF /* DSLRv0.png in Resources */,
				E9FA88DD218A24BA007D5AD5 /* LaunchScreen.storyboard in Resources */,
				E9FA88DA218A24BA007D5AD5 /* Assets.xcassets in Resources */,
				E9FA88D8218A24B7007D5AD5 /* Main.storyboard in Resources */,
			);
			runOnlyForDeploymentPostprocessing = 0;
		};
/* End PBXResourcesBuildPhase section */

/* Begin PBXSourcesBuildPhase section */
		E9FA88CB218A24B7007D5AD5 /* Sources */ = {
			isa = PBXSourcesBuildPhase;
			buildActionMask = 2147483647;
			files = (
				E93EDA51218B723000A1FE4D /* Pictures.swift in Sources */,
				E9995DBF219507F200109FDF /* CameraSettings.swift in Sources */,
				E9430FE821A0A0C300D40221 /* UserData.swift in Sources */,
				E9430FE4219CEC8600D40221 /* OldSchoolViewController.swift in Sources */,
				E9BD32232190F77C00CE8319 /* Image.swift in Sources */,
				9D51AD67219A382E008F4B6E /* SettingsViewController.swift in Sources */,
				E9430FEC21A0A99C00D40221 /* PhotoCollectionViewDelegate.swift in Sources */,
				E9BD32212190F07800CE8319 /* ImageManipulation.swift in Sources */,
				E960389B219A0EE800B64139 /* CameraFilterLayer.swift in Sources */,
				E9430FEA21A0A0E300D40221 /* UIViewExtension.swift in Sources */,
				E9FA88D5218A24B7007D5AD5 /* PointAndShootViewController.swift in Sources */,
				E96A10E62193AEFD00DCB3BD /* PhotoViewController.swift in Sources */,
				E9430FE6219DF8E500D40221 /* UICamera.swift in Sources */,
				E960389E219B840600B64139 /* PhotoViewControllerBase.swift in Sources */,
				E9430FE2219CEC7600D40221 /* DSLRViewController.swift in Sources */,
				E9FA88D3218A24B7007D5AD5 /* AppDelegate.swift in Sources */,
				E93EDA4D218B714600A1FE4D /* CameraData.swift in Sources */,
				E9995DC12196400100109FDF /* PhotoOutputDelegate.swift in Sources */,
			);
			runOnlyForDeploymentPostprocessing = 0;
		};
/* End PBXSourcesBuildPhase section */

/* Begin PBXVariantGroup section */
		E9FA88D6218A24B7007D5AD5 /* Main.storyboard */ = {
			isa = PBXVariantGroup;
			children = (
				E9FA88D7218A24B7007D5AD5 /* Base */,
			);
			name = Main.storyboard;
			sourceTree = "<group>";
		};
		E9FA88DB218A24BA007D5AD5 /* LaunchScreen.storyboard */ = {
			isa = PBXVariantGroup;
			children = (
				E9FA88DC218A24BA007D5AD5 /* Base */,
			);
			name = LaunchScreen.storyboard;
			sourceTree = "<group>";
		};
/* End PBXVariantGroup section */

/* Begin XCBuildConfiguration section */
		E9FA88DF218A24BA007D5AD5 /* Debug */ = {
			isa = XCBuildConfiguration;
			buildSettings = {
				ALWAYS_SEARCH_USER_PATHS = NO;
				CLANG_ANALYZER_NONNULL = YES;
				CLANG_ANALYZER_NUMBER_OBJECT_CONVERSION = YES_AGGRESSIVE;
				CLANG_CXX_LANGUAGE_STANDARD = "gnu++14";
				CLANG_CXX_LIBRARY = "libc++";
				CLANG_ENABLE_MODULES = YES;
				CLANG_ENABLE_OBJC_ARC = YES;
				CLANG_ENABLE_OBJC_WEAK = YES;
				CLANG_WARN_BLOCK_CAPTURE_AUTORELEASING = YES;
				CLANG_WARN_BOOL_CONVERSION = YES;
				CLANG_WARN_COMMA = YES;
				CLANG_WARN_CONSTANT_CONVERSION = YES;
				CLANG_WARN_DEPRECATED_OBJC_IMPLEMENTATIONS = YES;
				CLANG_WARN_DIRECT_OBJC_ISA_USAGE = YES_ERROR;
				CLANG_WARN_DOCUMENTATION_COMMENTS = YES;
				CLANG_WARN_EMPTY_BODY = YES;
				CLANG_WARN_ENUM_CONVERSION = YES;
				CLANG_WARN_INFINITE_RECURSION = YES;
				CLANG_WARN_INT_CONVERSION = YES;
				CLANG_WARN_NON_LITERAL_NULL_CONVERSION = YES;
				CLANG_WARN_OBJC_IMPLICIT_RETAIN_SELF = YES;
				CLANG_WARN_OBJC_LITERAL_CONVERSION = YES;
				CLANG_WARN_OBJC_ROOT_CLASS = YES_ERROR;
				CLANG_WARN_RANGE_LOOP_ANALYSIS = YES;
				CLANG_WARN_STRICT_PROTOTYPES = YES;
				CLANG_WARN_SUSPICIOUS_MOVE = YES;
				CLANG_WARN_UNGUARDED_AVAILABILITY = YES_AGGRESSIVE;
				CLANG_WARN_UNREACHABLE_CODE = YES;
				CLANG_WARN__DUPLICATE_METHOD_MATCH = YES;
				CODE_SIGN_IDENTITY = "iPhone Developer";
				COPY_PHASE_STRIP = NO;
				DEBUG_INFORMATION_FORMAT = dwarf;
				ENABLE_STRICT_OBJC_MSGSEND = YES;
				ENABLE_TESTABILITY = YES;
				GCC_C_LANGUAGE_STANDARD = gnu11;
				GCC_DYNAMIC_NO_PIC = NO;
				GCC_NO_COMMON_BLOCKS = YES;
				GCC_OPTIMIZATION_LEVEL = 0;
				GCC_PREPROCESSOR_DEFINITIONS = (
					"DEBUG=1",
					"$(inherited)",
				);
				GCC_WARN_64_TO_32_BIT_CONVERSION = YES;
				GCC_WARN_ABOUT_RETURN_TYPE = YES_ERROR;
				GCC_WARN_UNDECLARED_SELECTOR = YES;
				GCC_WARN_UNINITIALIZED_AUTOS = YES_AGGRESSIVE;
				GCC_WARN_UNUSED_FUNCTION = YES;
				GCC_WARN_UNUSED_VARIABLE = YES;
				IPHONEOS_DEPLOYMENT_TARGET = 12.1;
				MTL_ENABLE_DEBUG_INFO = INCLUDE_SOURCE;
				MTL_FAST_MATH = YES;
				ONLY_ACTIVE_ARCH = YES;
				SDKROOT = iphoneos;
				SWIFT_ACTIVE_COMPILATION_CONDITIONS = DEBUG;
				SWIFT_OPTIMIZATION_LEVEL = "-Onone";
			};
			name = Debug;
		};
		E9FA88E0218A24BA007D5AD5 /* Release */ = {
			isa = XCBuildConfiguration;
			buildSettings = {
				ALWAYS_SEARCH_USER_PATHS = NO;
				CLANG_ANALYZER_NONNULL = YES;
				CLANG_ANALYZER_NUMBER_OBJECT_CONVERSION = YES_AGGRESSIVE;
				CLANG_CXX_LANGUAGE_STANDARD = "gnu++14";
				CLANG_CXX_LIBRARY = "libc++";
				CLANG_ENABLE_MODULES = YES;
				CLANG_ENABLE_OBJC_ARC = YES;
				CLANG_ENABLE_OBJC_WEAK = YES;
				CLANG_WARN_BLOCK_CAPTURE_AUTORELEASING = YES;
				CLANG_WARN_BOOL_CONVERSION = YES;
				CLANG_WARN_COMMA = YES;
				CLANG_WARN_CONSTANT_CONVERSION = YES;
				CLANG_WARN_DEPRECATED_OBJC_IMPLEMENTATIONS = YES;
				CLANG_WARN_DIRECT_OBJC_ISA_USAGE = YES_ERROR;
				CLANG_WARN_DOCUMENTATION_COMMENTS = YES;
				CLANG_WARN_EMPTY_BODY = YES;
				CLANG_WARN_ENUM_CONVERSION = YES;
				CLANG_WARN_INFINITE_RECURSION = YES;
				CLANG_WARN_INT_CONVERSION = YES;
				CLANG_WARN_NON_LITERAL_NULL_CONVERSION = YES;
				CLANG_WARN_OBJC_IMPLICIT_RETAIN_SELF = YES;
				CLANG_WARN_OBJC_LITERAL_CONVERSION = YES;
				CLANG_WARN_OBJC_ROOT_CLASS = YES_ERROR;
				CLANG_WARN_RANGE_LOOP_ANALYSIS = YES;
				CLANG_WARN_STRICT_PROTOTYPES = YES;
				CLANG_WARN_SUSPICIOUS_MOVE = YES;
				CLANG_WARN_UNGUARDED_AVAILABILITY = YES_AGGRESSIVE;
				CLANG_WARN_UNREACHABLE_CODE = YES;
				CLANG_WARN__DUPLICATE_METHOD_MATCH = YES;
				CODE_SIGN_IDENTITY = "iPhone Developer";
				COPY_PHASE_STRIP = NO;
				DEBUG_INFORMATION_FORMAT = "dwarf-with-dsym";
				ENABLE_NS_ASSERTIONS = NO;
				ENABLE_STRICT_OBJC_MSGSEND = YES;
				GCC_C_LANGUAGE_STANDARD = gnu11;
				GCC_NO_COMMON_BLOCKS = YES;
				GCC_WARN_64_TO_32_BIT_CONVERSION = YES;
				GCC_WARN_ABOUT_RETURN_TYPE = YES_ERROR;
				GCC_WARN_UNDECLARED_SELECTOR = YES;
				GCC_WARN_UNINITIALIZED_AUTOS = YES_AGGRESSIVE;
				GCC_WARN_UNUSED_FUNCTION = YES;
				GCC_WARN_UNUSED_VARIABLE = YES;
				IPHONEOS_DEPLOYMENT_TARGET = 12.1;
				MTL_ENABLE_DEBUG_INFO = NO;
				MTL_FAST_MATH = YES;
				SDKROOT = iphoneos;
				SWIFT_COMPILATION_MODE = wholemodule;
				SWIFT_OPTIMIZATION_LEVEL = "-O";
				VALIDATE_PRODUCT = YES;
			};
			name = Release;
		};
		E9FA88E2218A24BA007D5AD5 /* Debug */ = {
			isa = XCBuildConfiguration;
			buildSettings = {
				ASSETCATALOG_COMPILER_APPICON_NAME = AppIcon;
				CODE_SIGN_STYLE = Automatic;
				DEVELOPMENT_TEAM = 885PZU27VJ;
				INFOPLIST_FILE = Camera/Info.plist;
				IPHONEOS_DEPLOYMENT_TARGET = 11.4;
				LD_RUNPATH_SEARCH_PATHS = (
					"$(inherited)",
					"@executable_path/Frameworks",
				);
				PRODUCT_BUNDLE_IDENTIFIER = coolCamMP;
				PRODUCT_NAME = "$(TARGET_NAME)";
				SWIFT_VERSION = 4.2;
				TARGETED_DEVICE_FAMILY = "1,2";
			};
			name = Debug;
		};
		E9FA88E3218A24BA007D5AD5 /* Release */ = {
			isa = XCBuildConfiguration;
			buildSettings = {
				ASSETCATALOG_COMPILER_APPICON_NAME = AppIcon;
				CODE_SIGN_STYLE = Automatic;
				DEVELOPMENT_TEAM = 885PZU27VJ;
				INFOPLIST_FILE = Camera/Info.plist;
				IPHONEOS_DEPLOYMENT_TARGET = 11.4;
				LD_RUNPATH_SEARCH_PATHS = (
					"$(inherited)",
					"@executable_path/Frameworks",
				);
				PRODUCT_BUNDLE_IDENTIFIER = coolCamMP;
				PRODUCT_NAME = "$(TARGET_NAME)";
				SWIFT_VERSION = 4.2;
				TARGETED_DEVICE_FAMILY = "1,2";
			};
			name = Release;
		};
/* End XCBuildConfiguration section */

/* Begin XCConfigurationList section */
		E9FA88CA218A24B7007D5AD5 /* Build configuration list for PBXProject "Camera" */ = {
			isa = XCConfigurationList;
			buildConfigurations = (
				E9FA88DF218A24BA007D5AD5 /* Debug */,
				E9FA88E0218A24BA007D5AD5 /* Release */,
			);
			defaultConfigurationIsVisible = 0;
			defaultConfigurationName = Release;
		};
		E9FA88E1218A24BA007D5AD5 /* Build configuration list for PBXNativeTarget "Camera" */ = {
			isa = XCConfigurationList;
			buildConfigurations = (
				E9FA88E2218A24BA007D5AD5 /* Debug */,
				E9FA88E3218A24BA007D5AD5 /* Release */,
			);
			defaultConfigurationIsVisible = 0;
			defaultConfigurationName = Release;
		};
/* End XCConfigurationList section */
	};
	rootObject = E9FA88C7218A24B7007D5AD5 /* Project object */;
}
